
Microsoft Visual Studio Solution File, Format Version 12.00
# Visual Studio 15
VisualStudioVersion = 15.0.26403.7
MinimumVisualStudioVersion = 10.0.40219.1
Project("{FAE04EC0-301F-11D3-BF4B-00C04F79EFBC}") = "StackApp", "StackApp\StackApp.csproj", "{9C6401A6-5477-46C7-86B7-A4B01167E487}"
EndProject
Project("{FAE04EC0-301F-11D3-BF4B-00C04F79EFBC}") = "DatabaseApp", "DatabaseApp\DatabaseApp.csproj", "{49DFC301-DCB9-4A8A-8E1B-A92C730B7A08}"
EndProject
Project("{FAE04EC0-301F-11D3-BF4B-00C04F79EFBC}") = "WorkFlowEngineApp", "WorkFlowEngineApp\WorkFlowEngineApp.csproj", "{4021B04C-422A-4AF1-8245-F8207289EFD2}"
EndProject
Global
	GlobalSection(SolutionConfigurationPlatforms) = preSolution
		Debug|Any CPU = Debug|Any CPU
		Release|Any CPU = Release|Any CPU
	EndGlobalSection
	GlobalSection(ProjectConfigurationPlatforms) = postSolution
		{9C6401A6-5477-46C7-86B7-A4B01167E487}.Debug|Any CPU.ActiveCfg = Debug|Any CPU
		{9C6401A6-5477-46C7-86B7-A4B01167E487}.Debug|Any CPU.Build.0 = Debug|Any CPU
		{9C6401A6-5477-46C7-86B7-A4B01167E487}.Release|Any CPU.ActiveCfg = Release|Any CPU
		{9C6401A6-5477-46C7-86B7-A4B01167E487}.Release|Any CPU.Build.0 = Release|Any CPU
		{49DFC301-DCB9-4A8A-8E1B-A92C730B7A08}.Debug|Any CPU.ActiveCfg = Debug|Any CPU
		{49DFC301-DCB9-4A8A-8E1B-A92C730B7A08}.Debug|Any CPU.Build.0 = Debug|Any CPU
		{49DFC301-DCB9-4A8A-8E1B-A92C730B7A08}.Release|Any CPU.ActiveCfg = Release|Any CPU
		{49DFC301-DCB9-4A8A-8E1B-A92C730B7A08}.Release|Any CPU.Build.0 = Release|Any CPU
		{4021B04C-422A-4AF1-8245-F8207289EFD2}.Debug|Any CPU.ActiveCfg = Debug|Any CPU
		{4021B04C-422A-4AF1-8245-F8207289EFD2}.Debug|Any CPU.Build.0 = Debug|Any CPU
		{4021B04C-422A-4AF1-8245-F8207289EFD2}.Release|Any CPU.ActiveCfg = Release|Any CPU
		{4021B04C-422A-4AF1-8245-F8207289EFD2}.Release|Any CPU.Build.0 = Release|Any CPU
	EndGlobalSection
	GlobalSection(SolutionProperties) = preSolution
		HideSolutionNode = FALSE
	EndGlobalSection
EndGlobal
